// !$*UTF8*$!
{
	archiveVersion = 1;
	classes = {
	};
	objectVersion = 50;
	objects = {

/* Begin PBXBuildFile section */
		2228727622E84DCB00904436 /* UserViewModel.swift in Sources */ = {isa = PBXBuildFile; fileRef = 2228727522E84DCB00904436 /* UserViewModel.swift */; };
		2228727822E84DF100904436 /* User.swift in Sources */ = {isa = PBXBuildFile; fileRef = 2228727722E84DF100904436 /* User.swift */; };
		224F000722E6E2F4002D6B15 /* AppDelegate.swift in Sources */ = {isa = PBXBuildFile; fileRef = 224F000622E6E2F4002D6B15 /* AppDelegate.swift */; };
		224F000922E6E2F4002D6B15 /* ViewController.swift in Sources */ = {isa = PBXBuildFile; fileRef = 224F000822E6E2F4002D6B15 /* ViewController.swift */; };
		224F000C22E6E2F4002D6B15 /* Main.storyboard in Resources */ = {isa = PBXBuildFile; fileRef = 224F000A22E6E2F4002D6B15 /* Main.storyboard */; };
		224F000E22E6E2FA002D6B15 /* Assets.xcassets in Resources */ = {isa = PBXBuildFile; fileRef = 224F000D22E6E2FA002D6B15 /* Assets.xcassets */; };
		224F001122E6E2FA002D6B15 /* LaunchScreen.storyboard in Resources */ = {isa = PBXBuildFile; fileRef = 224F000F22E6E2FA002D6B15 /* LaunchScreen.storyboard */; };
		224F001C22E6E2FA002D6B15 /* MVVMDemoTests.swift in Sources */ = {isa = PBXBuildFile; fileRef = 224F001B22E6E2FA002D6B15 /* MVVMDemoTests.swift */; };
		224F002722E6E2FA002D6B15 /* MVVMDemoUITests.swift in Sources */ = {isa = PBXBuildFile; fileRef = 224F002622E6E2FA002D6B15 /* MVVMDemoUITests.swift */; };
/* End PBXBuildFile section */

/* Begin PBXContainerItemProxy section */
		224F001822E6E2FA002D6B15 /* PBXContainerItemProxy */ = {
			isa = PBXContainerItemProxy;
			containerPortal = 224FFFFB22E6E2F4002D6B15 /* Project object */;
			proxyType = 1;
			remoteGlobalIDString = 224F000222E6E2F4002D6B15;
			remoteInfo = MVVMDemo;
		};
		224F002322E6E2FA002D6B15 /* PBXContainerItemProxy */ = {
			isa = PBXContainerItemProxy;
			containerPortal = 224FFFFB22E6E2F4002D6B15 /* Project object */;
			proxyType = 1;
			remoteGlobalIDString = 224F000222E6E2F4002D6B15;
			remoteInfo = MVVMDemo;
		};
/* End PBXContainerItemProxy section */

/* Begin PBXFileReference section */
		2228727522E84DCB00904436 /* UserViewModel.swift */ = {isa = PBXFileReference; lastKnownFileType = sourcecode.swift; path = UserViewModel.swift; sourceTree = "<group>"; };
		2228727722E84DF100904436 /* User.swift */ = {isa = PBXFileReference; lastKnownFileType = sourcecode.swift; path = User.swift; sourceTree = "<group>"; };
		224F000322E6E2F4002D6B15 /* MVVMDemo.app */ = {isa = PBXFileReference; explicitFileType = wrapper.application; includeInIndex = 0; path = MVVMDemo.app; sourceTree = BUILT_PRODUCTS_DIR; };
		224F000622E6E2F4002D6B15 /* AppDelegate.swift */ = {isa = PBXFileReference; lastKnownFileType = sourcecode.swift; path = AppDelegate.swift; sourceTree = "<group>"; };
		224F000822E6E2F4002D6B15 /* ViewController.swift */ = {isa = PBXFileReference; lastKnownFileType = sourcecode.swift; path = ViewController.swift; sourceTree = "<group>"; };
		224F000B22E6E2F4002D6B15 /* Base */ = {isa = PBXFileReference; lastKnownFileType = file.storyboard; name = Base; path = Base.lproj/Main.storyboard; sourceTree = "<group>"; };
		224F000D22E6E2FA002D6B15 /* Assets.xcassets */ = {isa = PBXFileReference; lastKnownFileType = folder.assetcatalog; path = Assets.xcassets; sourceTree = "<group>"; };
		224F001022E6E2FA002D6B15 /* Base */ = {isa = PBXFileReference; lastKnownFileType = file.storyboard; name = Base; path = Base.lproj/LaunchScreen.storyboard; sourceTree = "<group>"; };
		224F001222E6E2FA002D6B15 /* Info.plist */ = {isa = PBXFileReference; lastKnownFileType = text.plist.xml; path = Info.plist; sourceTree = "<group>"; };
		224F001722E6E2FA002D6B15 /* MVVMDemoTests.xctest */ = {isa = PBXFileReference; explicitFileType = wrapper.cfbundle; includeInIndex = 0; path = MVVMDemoTests.xctest; sourceTree = BUILT_PRODUCTS_DIR; };
		224F001B22E6E2FA002D6B15 /* MVVMDemoTests.swift */ = {isa = PBXFileReference; lastKnownFileType = sourcecode.swift; path = MVVMDemoTests.swift; sourceTree = "<group>"; };
		224F001D22E6E2FA002D6B15 /* Info.plist */ = {isa = PBXFileReference; lastKnownFileType = text.plist.xml; path = Info.plist; sourceTree = "<group>"; };
		224F002222E6E2FA002D6B15 /* MVVMDemoUITests.xctest */ = {isa = PBXFileReference; explicitFileType = wrapper.cfbundle; includeInIndex = 0; path = MVVMDemoUITests.xctest; sourceTree = BUILT_PRODUCTS_DIR; };
		224F002622E6E2FA002D6B15 /* MVVMDemoUITests.swift */ = {isa = PBXFileReference; lastKnownFileType = sourcecode.swift; path = MVVMDemoUITests.swift; sourceTree = "<group>"; };
		224F002822E6E2FA002D6B15 /* Info.plist */ = {isa = PBXFileReference; lastKnownFileType = text.plist.xml; path = Info.plist; sourceTree = "<group>"; };
/* End PBXFileReference section */

/* Begin PBXFrameworksBuildPhase section */
		224F000022E6E2F4002D6B15 /* Frameworks */ = {
			isa = PBXFrameworksBuildPhase;
			buildActionMask = 2147483647;
			files = (
			);
			runOnlyForDeploymentPostprocessing = 0;
		};
		224F001422E6E2FA002D6B15 /* Frameworks */ = {
			isa = PBXFrameworksBuildPhase;
			buildActionMask = 2147483647;
			files = (
			);
			runOnlyForDeploymentPostprocessing = 0;
		};
		224F001F22E6E2FA002D6B15 /* Frameworks */ = {
			isa = PBXFrameworksBuildPhase;
			buildActionMask = 2147483647;
			files = (
			);
			runOnlyForDeploymentPostprocessing = 0;
		};
/* End PBXFrameworksBuildPhase section */

/* Begin PBXGroup section */
		224F000422E6E2F4002D6B15 /* Products */ = {
			isa = PBXGroup;
			children = (
				224F000322E6E2F4002D6B15 /* MVVMDemo.app */,
				224F001722E6E2FA002D6B15 /* MVVMDemoTests.xctest */,
				224F002222E6E2FA002D6B15 /* MVVMDemoUITests.xctest */,
			);
			name = Products;
			sourceTree = "<group>";
		};
		224F000522E6E2F4002D6B15 /* MVVMDemo */ = {
			isa = PBXGroup;
			children = (
				224F000622E6E2F4002D6B15 /* AppDelegate.swift */,
				2228727722E84DF100904436 /* User.swift */,
				224F000822E6E2F4002D6B15 /* ViewController.swift */,
				2228727522E84DCB00904436 /* UserViewModel.swift */,
				224F000A22E6E2F4002D6B15 /* Main.storyboard */,
				224F000D22E6E2FA002D6B15 /* Assets.xcassets */,
				224F000F22E6E2FA002D6B15 /* LaunchScreen.storyboard */,
				224F001222E6E2FA002D6B15 /* Info.plist */,
			);
			path = MVVMDemo;
			sourceTree = "<group>";
		};
		224F001A22E6E2FA002D6B15 /* MVVMDemoTests */ = {
			isa = PBXGroup;
			children = (
				224F001B22E6E2FA002D6B15 /* MVVMDemoTests.swift */,
				224F001D22E6E2FA002D6B15 /* Info.plist */,
			);
			path = MVVMDemoTests;
			sourceTree = "<group>";
		};
		224F002522E6E2FA002D6B15 /* MVVMDemoUITests */ = {
			isa = PBXGroup;
			children = (
				224F002622E6E2FA002D6B15 /* MVVMDemoUITests.swift */,
				224F002822E6E2FA002D6B15 /* Info.plist */,
			);
			path = MVVMDemoUITests;
			sourceTree = "<group>";
		};
		224FFFFA22E6E2F4002D6B15 = {
			isa = PBXGroup;
			children = (
				224F000522E6E2F4002D6B15 /* MVVMDemo */,
				224F001A22E6E2FA002D6B15 /* MVVMDemoTests */,
				224F002522E6E2FA002D6B15 /* MVVMDemoUITests */,
				224F000422E6E2F4002D6B15 /* Products */,
			);
			sourceTree = "<group>";
		};
/* End PBXGroup section */

/* Begin PBXNativeTarget section */
		224F000222E6E2F4002D6B15 /* MVVMDemo */ = {
			isa = PBXNativeTarget;
			buildConfigurationList = 224F002B22E6E2FA002D6B15 /* Build configuration list for PBXNativeTarget "MVVMDemo" */;
			buildPhases = (
				224FFFFF22E6E2F4002D6B15 /* Sources */,
				224F000022E6E2F4002D6B15 /* Frameworks */,
				224F000122E6E2F4002D6B15 /* Resources */,
			);
			buildRules = (
			);
			dependencies = (
			);
			name = MVVMDemo;
			productName = MVVMDemo;
			productReference = 224F000322E6E2F4002D6B15 /* MVVMDemo.app */;
			productType = "com.apple.product-type.application";
		};
		224F001622E6E2FA002D6B15 /* MVVMDemoTests */ = {
			isa = PBXNativeTarget;
			buildConfigurationList = 224F002E22E6E2FA002D6B15 /* Build configuration list for PBXNativeTarget "MVVMDemoTests" */;
			buildPhases = (
				224F001322E6E2FA002D6B15 /* Sources */,
				224F001422E6E2FA002D6B15 /* Frameworks */,
				224F001522E6E2FA002D6B15 /* Resources */,
			);
			buildRules = (
			);
			dependencies = (
				224F001922E6E2FA002D6B15 /* PBXTargetDependency */,
			);
			name = MVVMDemoTests;
			productName = MVVMDemoTests;
			productReference = 224F001722E6E2FA002D6B15 /* MVVMDemoTests.xctest */;
			productType = "com.apple.product-type.bundle.unit-test";
		};
		224F002122E6E2FA002D6B15 /* MVVMDemoUITests */ = {
			isa = PBXNativeTarget;
			buildConfigurationList = 224F003122E6E2FA002D6B15 /* Build configuration list for PBXNativeTarget "MVVMDemoUITests" */;
			buildPhases = (
				224F001E22E6E2FA002D6B15 /* Sources */,
				224F001F22E6E2FA002D6B15 /* Frameworks */,
				224F002022E6E2FA002D6B15 /* Resources */,
			);
			buildRules = (
			);
			dependencies = (
				224F002422E6E2FA002D6B15 /* PBXTargetDependency */,
			);
			name = MVVMDemoUITests;
			productName = MVVMDemoUITests;
			productReference = 224F002222E6E2FA002D6B15 /* MVVMDemoUITests.xctest */;
			productType = "com.apple.product-type.bundle.ui-testing";
		};
/* End PBXNativeTarget section */

/* Begin PBXProject section */
		224FFFFB22E6E2F4002D6B15 /* Project object */ = {
			isa = PBXProject;
			attributes = {
				LastSwiftUpdateCheck = 1020;
				LastUpgradeCheck = 1020;
				ORGANIZATIONNAME = PanpanHan;
				TargetAttributes = {
					224F000222E6E2F4002D6B15 = {
						CreatedOnToolsVersion = 10.2.1;
					};
					224F001622E6E2FA002D6B15 = {
						CreatedOnToolsVersion = 10.2.1;
						TestTargetID = 224F000222E6E2F4002D6B15;
					};
					224F002122E6E2FA002D6B15 = {
						CreatedOnToolsVersion = 10.2.1;
						TestTargetID = 224F000222E6E2F4002D6B15;
					};
				};
			};
			buildConfigurationList = 224FFFFE22E6E2F4002D6B15 /* Build configuration list for PBXProject "MVVMDemo" */;
			compatibilityVersion = "Xcode 9.3";
			developmentRegion = en;
			hasScannedForEncodings = 0;
			knownRegions = (
				en,
				Base,
			);
			mainGroup = 224FFFFA22E6E2F4002D6B15;
			productRefGroup = 224F000422E6E2F4002D6B15 /* Products */;
			projectDirPath = "";
			projectRoot = "";
			targets = (
				224F000222E6E2F4002D6B15 /* MVVMDemo */,
				224F001622E6E2FA002D6B15 /* MVVMDemoTests */,
				224F002122E6E2FA002D6B15 /* MVVMDemoUITests */,
			);
		};
/* End PBXProject section */

/* Begin PBXResourcesBuildPhase section */
		224F000122E6E2F4002D6B15 /* Resources */ = {
			isa = PBXResourcesBuildPhase;
			buildActionMask = 2147483647;
			files = (
				224F001122E6E2FA002D6B15 /* LaunchScreen.storyboard in Resources */,
				224F000E22E6E2FA002D6B15 /* Assets.xcassets in Resources */,
				224F000C22E6E2F4002D6B15 /* Main.storyboard in Resources */,
			);
			runOnlyForDeploymentPostprocessing = 0;
		};
		224F001522E6E2FA002D6B15 /* Resources */ = {
			isa = PBXResourcesBuildPhase;
			buildActionMask = 2147483647;
			files = (
			);
			runOnlyForDeploymentPostprocessing = 0;
		};
		224F002022E6E2FA002D6B15 /* Resources */ = {
			isa = PBXResourcesBuildPhase;
			buildActionMask = 2147483647;
			files = (
			);
			runOnlyForDeploymentPostprocessing = 0;
		};
/* End PBXResourcesBuildPhase section */

/* Begin PBXSourcesBuildPhase section */
		224F001322E6E2FA002D6B15 /* Sources */ = {
			isa = PBXSourcesBuildPhase;
			buildActionMask = 2147483647;
			files = (
				224F001C22E6E2FA002D6B15 /* MVVMDemoTests.swift in Sources */,
			);
			runOnlyForDeploymentPostprocessing = 0;
		};
		224F001E22E6E2FA002D6B15 /* Sources */ = {
			isa = PBXSourcesBuildPhase;
			buildActionMask = 2147483647;
			files = (
				224F002722E6E2FA002D6B15 /* MVVMDemoUITests.swift in Sources */,
			);
			runOnlyForDeploymentPostprocessing = 0;
		};
		224FFFFF22E6E2F4002D6B15 /* Sources */ = {
			isa = PBXSourcesBuildPhase;
			buildActionMask = 2147483647;
			files = (
				2228727822E84DF100904436 /* User.swift in Sources */,
				224F000922E6E2F4002D6B15 /* ViewController.swift in Sources */,
				2228727622E84DCB00904436 /* UserViewModel.swift in Sources */,
				224F000722E6E2F4002D6B15 /* AppDelegate.swift in Sources */,
			);
			runOnlyForDeploymentPostprocessing = 0;
		};
/* End PBXSourcesBuildPhase section */

/* Begin PBXTargetDependency section */
		224F001922E6E2FA002D6B15 /* PBXTargetDependency */ = {
			isa = PBXTargetDependency;
			target = 224F000222E6E2F4002D6B15 /* MVVMDemo */;
			targetProxy = 224F001822E6E2FA002D6B15 /* PBXContainerItemProxy */;
		};
		224F002422E6E2FA002D6B15 /* PBXTargetDependency */ = {
			isa = PBXTargetDependency;
			target = 224F000222E6E2F4002D6B15 /* MVVMDemo */;
			targetProxy = 224F002322E6E2FA002D6B15 /* PBXContainerItemProxy */;
		};
/* End PBXTargetDependency section */

/* Begin PBXVariantGroup section */
		224F000A22E6E2F4002D6B15 /* Main.storyboard */ = {
			isa = PBXVariantGroup;
			children = (
				224F000B22E6E2F4002D6B15 /* Base */,
			);
			name = Main.storyboard;
			sourceTree = "<group>";
		};
		224F000F22E6E2FA002D6B15 /* LaunchScreen.storyboard */ = {
			isa = PBXVariantGroup;
			children = (
				224F001022E6E2FA002D6B15 /* Base */,
			);
			name = LaunchScreen.storyboard;
			sourceTree = "<group>";
		};
/* End PBXVariantGroup section */

/* Begin XCBuildConfiguration section */
		224F002922E6E2FA002D6B15 /* Debug */ = {
			isa = XCBuildConfiguration;
			buildSettings = {
				ALWAYS_SEARCH_USER_PATHS = NO;
				CLANG_ANALYZER_NONNULL = YES;
				CLANG_ANALYZER_NUMBER_OBJECT_CONVERSION = YES_AGGRESSIVE;
				CLANG_CXX_LANGUAGE_STANDARD = "gnu++14";
				CLANG_CXX_LIBRARY = "libc++";
				CLANG_ENABLE_MODULES = YES;
				CLANG_ENABLE_OBJC_ARC = YES;
				CLANG_ENABLE_OBJC_WEAK = YES;
				CLANG_WARN_BLOCK_CAPTURE_AUTORELEASING = YES;
				CLANG_WARN_BOOL_CONVERSION = YES;
				CLANG_WARN_COMMA = YES;
				CLANG_WARN_CONSTANT_CONVERSION = YES;
				CLANG_WARN_DEPRECATED_OBJC_IMPLEMENTATIONS = YES;
				CLANG_WARN_DIRECT_OBJC_ISA_USAGE = YES_ERROR;
				CLANG_WARN_DOCUMENTATION_COMMENTS = YES;
				CLANG_WARN_EMPTY_BODY = YES;
				CLANG_WARN_ENUM_CONVERSION = YES;
				CLANG_WARN_INFINITE_RECURSION = YES;
				CLANG_WARN_INT_CONVERSION = YES;
				CLANG_WARN_NON_LITERAL_NULL_CONVERSION = YES;
				CLANG_WARN_OBJC_IMPLICIT_RETAIN_SELF = YES;
				CLANG_WARN_OBJC_LITERAL_CONVERSION = YES;
				CLANG_WARN_OBJC_ROOT_CLASS = YES_ERROR;
				CLANG_WARN_RANGE_LOOP_ANALYSIS = YES;
				CLANG_WARN_STRICT_PROTOTYPES = YES;
				CLANG_WARN_SUSPICIOUS_MOVE = YES;
				CLANG_WARN_UNGUARDED_AVAILABILITY = YES_AGGRESSIVE;
				CLANG_WARN_UNREACHABLE_CODE = YES;
				CLANG_WARN__DUPLICATE_METHOD_MATCH = YES;
				CODE_SIGN_IDENTITY = "iPhone Developer";
				COPY_PHASE_STRIP = NO;
				DEBUG_INFORMATION_FORMAT = dwarf;
				ENABLE_STRICT_OBJC_MSGSEND = YES;
				ENABLE_TESTABILITY = YES;
				GCC_C_LANGUAGE_STANDARD = gnu11;
				GCC_DYNAMIC_NO_PIC = NO;
				GCC_NO_COMMON_BLOCKS = YES;
				GCC_OPTIMIZATION_LEVEL = 0;
				GCC_PREPROCESSOR_DEFINITIONS = (
					"DEBUG=1",
					"$(inherited)",
				);
				GCC_WARN_64_TO_32_BIT_CONVERSION = YES;
				GCC_WARN_ABOUT_RETURN_TYPE = YES_ERROR;
				GCC_WARN_UNDECLARED_SELECTOR = YES;
				GCC_WARN_UNINITIALIZED_AUTOS = YES_AGGRESSIVE;
				GCC_WARN_UNUSED_FUNCTION = YES;
				GCC_WARN_UNUSED_VARIABLE = YES;
				IPHONEOS_DEPLOYMENT_TARGET = 12.2;
				MTL_ENABLE_DEBUG_INFO = INCLUDE_SOURCE;
				MTL_FAST_MATH = YES;
				ONLY_ACTIVE_ARCH = YES;
				SDKROOT = iphoneos;
				SWIFT_ACTIVE_COMPILATION_CONDITIONS = DEBUG;
				SWIFT_OPTIMIZATION_LEVEL = "-Onone";
			};
			name = Debug;
		};
		224F002A22E6E2FA002D6B15 /* Release */ = {
			isa = XCBuildConfiguration;
			buildSettings = {
				ALWAYS_SEARCH_USER_PATHS = NO;
				CLANG_ANALYZER_NONNULL = YES;
				CLANG_ANALYZER_NUMBER_OBJECT_CONVERSION = YES_AGGRESSIVE;
				CLANG_CXX_LANGUAGE_STANDARD = "gnu++14";
				CLANG_CXX_LIBRARY = "libc++";
				CLANG_ENABLE_MODULES = YES;
				CLANG_ENABLE_OBJC_ARC = YES;
				CLANG_ENABLE_OBJC_WEAK = YES;
				CLANG_WARN_BLOCK_CAPTURE_AUTORELEASING = YES;
				CLANG_WARN_BOOL_CONVERSION = YES;
				CLANG_WARN_COMMA = YES;
				CLANG_WARN_CONSTANT_CONVERSION = YES;
				CLANG_WARN_DEPRECATED_OBJC_IMPLEMENTATIONS = YES;
				CLANG_WARN_DIRECT_OBJC_ISA_USAGE = YES_ERROR;
				CLANG_WARN_DOCUMENTATION_COMMENTS = YES;
				CLANG_WARN_EMPTY_BODY = YES;
				CLANG_WARN_ENUM_CONVERSION = YES;
				CLANG_WARN_INFINITE_RECURSION = YES;
				CLANG_WARN_INT_CONVERSION = YES;
				CLANG_WARN_NON_LITERAL_NULL_CONVERSION = YES;
				CLANG_WARN_OBJC_IMPLICIT_RETAIN_SELF = YES;
				CLANG_WARN_OBJC_LITERAL_CONVERSION = YES;
				CLANG_WARN_OBJC_ROOT_CLASS = YES_ERROR;
				CLANG_WARN_RANGE_LOOP_ANALYSIS = YES;
				CLANG_WARN_STRICT_PROTOTYPES = YES;
				CLANG_WARN_SUSPICIOUS_MOVE = YES;
				CLANG_WARN_UNGUARDED_AVAILABILITY = YES_AGGRESSIVE;
				CLANG_WARN_UNREACHABLE_CODE = YES;
				CLANG_WARN__DUPLICATE_METHOD_MATCH = YES;
				CODE_SIGN_IDENTITY = "iPhone Developer";
				COPY_PHASE_STRIP = NO;
				DEBUG_INFORMATION_FORMAT = "dwarf-with-dsym";
				ENABLE_NS_ASSERTIONS = NO;
				ENABLE_STRICT_OBJC_MSGSEND = YES;
				GCC_C_LANGUAGE_STANDARD = gnu11;
				GCC_NO_COMMON_BLOCKS = YES;
				GCC_WARN_64_TO_32_BIT_CONVERSION = YES;
				GCC_WARN_ABOUT_RETURN_TYPE = YES_ERROR;
				GCC_WARN_UNDECLARED_SELECTOR = YES;
				GCC_WARN_UNINITIALIZED_AUTOS = YES_AGGRESSIVE;
				GCC_WARN_UNUSED_FUNCTION = YES;
				GCC_WARN_UNUSED_VARIABLE = YES;
				IPHONEOS_DEPLOYMENT_TARGET = 12.2;
				MTL_ENABLE_DEBUG_INFO = NO;
				MTL_FAST_MATH = YES;
				SDKROOT = iphoneos;
				SWIFT_COMPILATION_MODE = wholemodule;
				SWIFT_OPTIMIZATION_LEVEL = "-O";
				VALIDATE_PRODUCT = YES;
			};
			name = Release;
		};
		224F002C22E6E2FA002D6B15 /* Debug */ = {
			isa = XCBuildConfiguration;
			buildSettings = {
				ASSETCATALOG_COMPILER_APPICON_NAME = AppIcon;
				CODE_SIGN_STYLE = Automatic;
				DEVELOPMENT_TEAM = 48QGCFHPXS;
				INFOPLIST_FILE = MVVMDemo/Info.plist;
				LD_RUNPATH_SEARCH_PATHS = (
					"$(inherited)",
					"@executable_path/Frameworks",
				);
				PRODUCT_BUNDLE_IDENTIFIER = com.panpanhan.MVVMDemo;
				PRODUCT_NAME = "$(TARGET_NAME)";
				SWIFT_VERSION = 5.0;
				TARGETED_DEVICE_FAMILY = "1,2";
			};
			name = Debug;
		};
		224F002D22E6E2FA002D6B15 /* Release */ = {
			isa = XCBuildConfiguration;
			buildSettings = {
				ASSETCATALOG_COMPILER_APPICON_NAME = AppIcon;
				CODE_SIGN_STYLE = Automatic;
				DEVELOPMENT_TEAM = 48QGCFHPXS;
				INFOPLIST_FILE = MVVMDemo/Info.plist;
				LD_RUNPATH_SEARCH_PATHS = (
					"$(inherited)",
					"@executable_path/Frameworks",
				);
				PRODUCT_BUNDLE_IDENTIFIER = com.panpanhan.MVVMDemo;
				PRODUCT_NAME = "$(TARGET_NAME)";
				SWIFT_VERSION = 5.0;
				TARGETED_DEVICE_FAMILY = "1,2";
			};
			name = Release;
		};
		224F002F22E6E2FA002D6B15 /* Debug */ = {
			isa = XCBuildConfiguration;
			buildSettings = {
				ALWAYS_EMBED_SWIFT_STANDARD_LIBRARIES = YES;
				BUNDLE_LOADER = "$(TEST_HOST)";
				CODE_SIGN_STYLE = Automatic;
				DEVELOPMENT_TEAM = 48QGCFHPXS;
				INFOPLIST_FILE = MVVMDemoTests/Info.plist;
				LD_RUNPATH_SEARCH_PATHS = (
					"$(inherited)",
					"@executable_path/Frameworks",
					"@loader_path/Frameworks",
				);
				PRODUCT_BUNDLE_IDENTIFIER = com.panpanhan.MVVMDemoTests;
				PRODUCT_NAME = "$(TARGET_NAME)";
				SWIFT_VERSION = 5.0;
				TARGETED_DEVICE_FAMILY = "1,2";
				TEST_HOST = "$(BUILT_PRODUCTS_DIR)/MVVMDemo.app/MVVMDemo";
			};
			name = Debug;
		};
		224F003022E6E2FA002D6B15 /* Release */ = {
			isa = XCBuildConfiguration;
			buildSettings = {
				ALWAYS_EMBED_SWIFT_STANDARD_LIBRARIES = YES;
				BUNDLE_LOADER = "$(TEST_HOST)";
				CODE_SIGN_STYLE = Automatic;
				DEVELOPMENT_TEAM = 48QGCFHPXS;
				INFOPLIST_FILE = MVVMDemoTests/Info.plist;
				LD_RUNPATH_SEARCH_PATHS = (
					"$(inherited)",
					"@executable_path/Frameworks",
					"@loader_path/Frameworks",
				);
				PRODUCT_BUNDLE_IDENTIFIER = com.panpanhan.MVVMDemoTests;
				PRODUCT_NAME = "$(TARGET_NAME)";
				SWIFT_VERSION = 5.0;
				TARGETED_DEVICE_FAMILY = "1,2";
				TEST_HOST = "$(BUILT_PRODUCTS_DIR)/MVVMDemo.app/MVVMDemo";
			};
			name = Release;
		};
		224F003222E6E2FA002D6B15 /* Debug */ = {
			isa = XCBuildConfiguration;
			buildSettings = {
				ALWAYS_EMBED_SWIFT_STANDARD_LIBRARIES = YES;
				CODE_SIGN_STYLE = Automatic;
				DEVELOPMENT_TEAM = 48QGCFHPXS;
				INFOPLIST_FILE = MVVMDemoUITests/Info.plist;
				LD_RUNPATH_SEARCH_PATHS = (
					"$(inherited)",
					"@executable_path/Frameworks",
					"@loader_path/Frameworks",
				);
				PRODUCT_BUNDLE_IDENTIFIER = com.panpanhan.MVVMDemoUITests;
				PRODUCT_NAME = "$(TARGET_NAME)";
				SWIFT_VERSION = 5.0;
				TARGETED_DEVICE_FAMILY = "1,2";
				TEST_TARGET_NAME = MVVMDemo;
			};
			name = Debug;
		};
		224F003322E6E2FA002D6B15 /* Release */ = {
			isa = XCBuildConfiguration;
			buildSettings = {
				ALWAYS_EMBED_SWIFT_STANDARD_LIBRARIES = YES;
				CODE_SIGN_STYLE = Automatic;
				DEVELOPMENT_TEAM = 48QGCFHPXS;
				INFOPLIST_FILE = MVVMDemoUITests/Info.plist;
				LD_RUNPATH_SEARCH_PATHS = (
					"$(inherited)",
					"@executable_path/Frameworks",
					"@loader_path/Frameworks",
				);
				PRODUCT_BUNDLE_IDENTIFIER = com.panpanhan.MVVMDemoUITests;
				PRODUCT_NAME = "$(TARGET_NAME)";
				SWIFT_VERSION = 5.0;
				TARGETED_DEVICE_FAMILY = "1,2";
				TEST_TARGET_NAME = MVVMDemo;
			};
			name = Release;
		};
/* End XCBuildConfiguration section */

/* Begin XCConfigurationList section */
		224F002B22E6E2FA002D6B15 /* Build configuration list for PBXNativeTarget "MVVMDemo" */ = {
			isa = XCConfigurationList;
			buildConfigurations = (
				224F002C22E6E2FA002D6B15 /* Debug */,
				224F002D22E6E2FA002D6B15 /* Release */,
			);
			defaultConfigurationIsVisible = 0;
			defaultConfigurationName = Release;
		};
		224F002E22E6E2FA002D6B15 /* Build configuration list for PBXNativeTarget "MVVMDemoTests" */ = {
			isa = XCConfigurationList;
			buildConfigurations = (
				224F002F22E6E2FA002D6B15 /* Debug */,
				224F003022E6E2FA002D6B15 /* Release */,
			);
			defaultConfigurationIsVisible = 0;
			defaultConfigurationName = Release;
		};
		224F003122E6E2FA002D6B15 /* Build configuration list for PBXNativeTarget "MVVMDemoUITests" */ = {
			isa = XCConfigurationList;
			buildConfigurations = (
				224F003222E6E2FA002D6B15 /* Debug */,
				224F003322E6E2FA002D6B15 /* Release */,
			);
			defaultConfigurationIsVisible = 0;
			defaultConfigurationName = Release;
		};
		224FFFFE22E6E2F4002D6B15 /* Build configuration list for PBXProject "MVVMDemo" */ = {
			isa = XCConfigurationList;
			buildConfigurations = (
				224F002922E6E2FA002D6B15 /* Debug */,
				224F002A22E6E2FA002D6B15 /* Release */,
			);
			defaultConfigurationIsVisible = 0;
			defaultConfigurationName = Release;
		};
/* End XCConfigurationList section */
	};
	rootObject = 224FFFFB22E6E2F4002D6B15 /* Project object */;
}
